
Microsoft Visual Studio Solution File, Format Version 12.00
# Visual Studio Version 16
VisualStudioVersion = 16.0.33328.57
MinimumVisualStudioVersion = 10.0.40219.1
Project("{FAE04EC0-301F-11D3-BF4B-00C04F79EFBC}") = "GUI", "GUI\GUI.csproj", "{FE77DBCF-DFE9-458A-B4F7-4330B3B309E8}"
EndProject
Project("{FAE04EC0-301F-11D3-BF4B-00C04F79EFBC}") = "DAL", "DAL\DAL.csproj", "{E4EF0516-A7D5-4A70-A523-227DAA026C23}"
EndProject
Project("{FAE04EC0-301F-11D3-BF4B-00C04F79EFBC}") = "BE", "BE\BE.csproj", "{8696AF78-C275-490D-B879-2A764E42384C}"
EndProject
Project("{FAE04EC0-301F-11D3-BF4B-00C04F79EFBC}") = "BL", "BL\BL.csproj", "{B7C63464-B3A9-432D-871D-742BE80D5061}"
EndProject
Project("{FAE04EC0-301F-11D3-BF4B-00C04F79EFBC}") = "Interfaces", "Interfaces\Interfaces.csproj", "{3C513C0D-EA92-483D-B382-E6764C51374C}"
EndProject
Project("{FAE04EC0-301F-11D3-BF4B-00C04F79EFBC}") = "MP", "MP\MP.csproj", "{91F3D2A8-0798-4E02-AFE7-BB2F01E52081}"
EndProject
Project("{FAE04EC0-301F-11D3-BF4B-00C04F79EFBC}") = "MPTests", "MPTests\MPTests.csproj", "{B8BAC4CF-E533-4416-B52C-D026884DBD8C}"
EndProject
Global
	GlobalSection(SolutionConfigurationPlatforms) = preSolution
		Debug|Any CPU = Debug|Any CPU
		Release|Any CPU = Release|Any CPU
	EndGlobalSection
	GlobalSection(ProjectConfigurationPlatforms) = postSolution
		{FE77DBCF-DFE9-458A-B4F7-4330B3B309E8}.Debug|Any CPU.ActiveCfg = Debug|Any CPU
		{FE77DBCF-DFE9-458A-B4F7-4330B3B309E8}.Debug|Any CPU.Build.0 = Debug|Any CPU
		{FE77DBCF-DFE9-458A-B4F7-4330B3B309E8}.Release|Any CPU.ActiveCfg = Release|Any CPU
		{FE77DBCF-DFE9-458A-B4F7-4330B3B309E8}.Release|Any CPU.Build.0 = Release|Any CPU
		{E4EF0516-A7D5-4A70-A523-227DAA026C23}.Debug|Any CPU.ActiveCfg = Debug|Any CPU
		{E4EF0516-A7D5-4A70-A523-227DAA026C23}.Debug|Any CPU.Build.0 = Debug|Any CPU
		{E4EF0516-A7D5-4A70-A523-227DAA026C23}.Release|Any CPU.ActiveCfg = Release|Any CPU
		{E4EF0516-A7D5-4A70-A523-227DAA026C23}.Release|Any CPU.Build.0 = Release|Any CPU
		{8696AF78-C275-490D-B879-2A764E42384C}.Debug|Any CPU.ActiveCfg = Debug|Any CPU
		{8696AF78-C275-490D-B879-2A764E42384C}.Debug|Any CPU.Build.0 = Debug|Any CPU
		{8696AF78-C275-490D-B879-2A764E42384C}.Release|Any CPU.ActiveCfg = Release|Any CPU
		{8696AF78-C275-490D-B879-2A764E42384C}.Release|Any CPU.Build.0 = Release|Any CPU
		{B7C63464-B3A9-432D-871D-742BE80D5061}.Debug|Any CPU.ActiveCfg = Debug|Any CPU
		{B7C63464-B3A9-432D-871D-742BE80D5061}.Debug|Any CPU.Build.0 = Debug|Any CPU
		{B7C63464-B3A9-432D-871D-742BE80D5061}.Release|Any CPU.ActiveCfg = Release|Any CPU
		{B7C63464-B3A9-432D-871D-742BE80D5061}.Release|Any CPU.Build.0 = Release|Any CPU
		{3C513C0D-EA92-483D-B382-E6764C51374C}.Debug|Any CPU.ActiveCfg = Debug|Any CPU
		{3C513C0D-EA92-483D-B382-E6764C51374C}.Debug|Any CPU.Build.0 = Debug|Any CPU
		{3C513C0D-EA92-483D-B382-E6764C51374C}.Release|Any CPU.ActiveCfg = Release|Any CPU
		{3C513C0D-EA92-483D-B382-E6764C51374C}.Release|Any CPU.Build.0 = Release|Any CPU
		{91F3D2A8-0798-4E02-AFE7-BB2F01E52081}.Debug|Any CPU.ActiveCfg = Debug|Any CPU
		{91F3D2A8-0798-4E02-AFE7-BB2F01E52081}.Debug|Any CPU.Build.0 = Debug|Any CPU
		{91F3D2A8-0798-4E02-AFE7-BB2F01E52081}.Release|Any CPU.ActiveCfg = Release|Any CPU
		{91F3D2A8-0798-4E02-AFE7-BB2F01E52081}.Release|Any CPU.Build.0 = Release|Any CPU
		{B8BAC4CF-E533-4416-B52C-D026884DBD8C}.Debug|Any CPU.ActiveCfg = Debug|Any CPU
		{B8BAC4CF-E533-4416-B52C-D026884DBD8C}.Debug|Any CPU.Build.0 = Debug|Any CPU
		{B8BAC4CF-E533-4416-B52C-D026884DBD8C}.Release|Any CPU.ActiveCfg = Release|Any CPU
		{B8BAC4CF-E533-4416-B52C-D026884DBD8C}.Release|Any CPU.Build.0 = Release|Any CPU
	EndGlobalSection
	GlobalSection(SolutionProperties) = preSolution
		HideSolutionNode = FALSE
	EndGlobalSection
	GlobalSection(ExtensibilityGlobals) = postSolution
		SolutionGuid = {EC276DDD-19BA-460C-966B-38A3BD34430F}
	EndGlobalSection
EndGlobal
