
Microsoft Visual Studio Solution File, Format Version 12.00
# Visual Studio Version 16
VisualStudioVersion = 16.0.32901.82
MinimumVisualStudioVersion = 10.0.40219.1
Project("{FAE04EC0-301F-11D3-BF4B-00C04F79EFBC}") = "LabNet2023", "LabNet2023.csproj", "{ABF56A8E-A76B-4948-9FEB-EC44A9526D94}"
EndProject
Global
	GlobalSection(SolutionConfigurationPlatforms) = preSolution
		Debug|Any CPU = Debug|Any CPU
		Release|Any CPU = Release|Any CPU
	EndGlobalSection
	GlobalSection(ProjectConfigurationPlatforms) = postSolution
		{ABF56A8E-A76B-4948-9FEB-EC44A9526D94}.Debug|Any CPU.ActiveCfg = Debug|Any CPU
		{ABF56A8E-A76B-4948-9FEB-EC44A9526D94}.Debug|Any CPU.Build.0 = Debug|Any CPU
		{ABF56A8E-A76B-4948-9FEB-EC44A9526D94}.Release|Any CPU.ActiveCfg = Release|Any CPU
		{ABF56A8E-A76B-4948-9FEB-EC44A9526D94}.Release|Any CPU.Build.0 = Release|Any CPU
	EndGlobalSection
	GlobalSection(SolutionProperties) = preSolution
		HideSolutionNode = FALSE
	EndGlobalSection
	GlobalSection(ExtensibilityGlobals) = postSolution
		SolutionGuid = {22AD6ABD-3F4B-40EC-BDEE-F11953F5751D}
	EndGlobalSection
EndGlobal
